
Microsoft Visual Studio Solution File, Format Version 12.00
# Visual Studio 15
VisualStudioVersion = 15.0.27428.2002
MinimumVisualStudioVersion = 10.0.40219.1
Project("{9A19103F-16F7-4668-BE54-9A1E7A4F7556}") = "Voiceweb.Auth.WebStarter", "Voiceweb.Auth.WebStarter\Voiceweb.Auth.WebStarter.csproj", "{E2A3813A-2831-47B1-99FB-7E3C8260772C}"
EndProject
Project("{9A19103F-16F7-4668-BE54-9A1E7A4F7556}") = "Voiceweb.Auth.Core", "Voiceweb.Auth.Core\Voiceweb.Auth.Core.csproj", "{DFCF4B2C-B772-44D5-9CBA-E386DE093F19}"
EndProject
Project("{FAE04EC0-301F-11D3-BF4B-00C04F79EFBC}") = "Voiceweb.Auth.RestApi", "Voiceweb.Auth.RestApi\Voiceweb.Auth.RestApi.csproj", "{688F57C7-2B80-4520-868F-BE4F6A49DC04}"
EndProject
Global
	GlobalSection(SolutionConfigurationPlatforms) = preSolution
		Debug|Any CPU = Debug|Any CPU
		Release|Any CPU = Release|Any CPU
	EndGlobalSection
	GlobalSection(ProjectConfigurationPlatforms) = postSolution
		{E2A3813A-2831-47B1-99FB-7E3C8260772C}.Debug|Any CPU.ActiveCfg = Debug|Any CPU
		{E2A3813A-2831-47B1-99FB-7E3C8260772C}.Debug|Any CPU.Build.0 = Debug|Any CPU
		{E2A3813A-2831-47B1-99FB-7E3C8260772C}.Release|Any CPU.ActiveCfg = Release|Any CPU
		{E2A3813A-2831-47B1-99FB-7E3C8260772C}.Release|Any CPU.Build.0 = Release|Any CPU
		{DFCF4B2C-B772-44D5-9CBA-E386DE093F19}.Debug|Any CPU.ActiveCfg = Debug|Any CPU
		{DFCF4B2C-B772-44D5-9CBA-E386DE093F19}.Debug|Any CPU.Build.0 = Debug|Any CPU
		{DFCF4B2C-B772-44D5-9CBA-E386DE093F19}.Release|Any CPU.ActiveCfg = Release|Any CPU
		{DFCF4B2C-B772-44D5-9CBA-E386DE093F19}.Release|Any CPU.Build.0 = Release|Any CPU
		{688F57C7-2B80-4520-868F-BE4F6A49DC04}.Debug|Any CPU.ActiveCfg = Debug|Any CPU
		{688F57C7-2B80-4520-868F-BE4F6A49DC04}.Debug|Any CPU.Build.0 = Debug|Any CPU
		{688F57C7-2B80-4520-868F-BE4F6A49DC04}.Release|Any CPU.ActiveCfg = Release|Any CPU
		{688F57C7-2B80-4520-868F-BE4F6A49DC04}.Release|Any CPU.Build.0 = Release|Any CPU
	EndGlobalSection
	GlobalSection(SolutionProperties) = preSolution
		HideSolutionNode = FALSE
	EndGlobalSection
	GlobalSection(ExtensibilityGlobals) = postSolution
		SolutionGuid = {54751CDC-9FC4-4387-B66C-CADC64F76EFF}
	EndGlobalSection
EndGlobal
